
Microsoft Visual Studio Solution File, Format Version 12.00
# Visual Studio Version 17
VisualStudioVersion = 17.12.35323.107
MinimumVisualStudioVersion = 10.0.40219.1
Project("{FAE04EC0-301F-11D3-BF4B-00C04F79EFBC}") = "MediaProcessor", "MediaProcessor\MediaProcessor.csproj", "{EC6D3122-394F-4D41-BD4D-C6E428D88F46}"
EndProject
Global
	GlobalSection(SolutionConfigurationPlatforms) = preSolution
		Debug|Any CPU = Debug|Any CPU
		Release|Any CPU = Release|Any CPU
	EndGlobalSection
	GlobalSection(ProjectConfigurationPlatforms) = postSolution
		{EC6D3122-394F-4D41-BD4D-C6E428D88F46}.Debug|Any CPU.ActiveCfg = Debug|Any CPU
		{EC6D3122-394F-4D41-BD4D-C6E428D88F46}.Debug|Any CPU.Build.0 = Debug|Any CPU
		{EC6D3122-394F-4D41-BD4D-C6E428D88F46}.Release|Any CPU.ActiveCfg = Release|Any CPU
		{EC6D3122-394F-4D41-BD4D-C6E428D88F46}.Release|Any CPU.Build.0 = Release|Any CPU
	EndGlobalSection
	GlobalSection(SolutionProperties) = preSolution
		HideSolutionNode = FALSE
	EndGlobalSection
	GlobalSection(ExtensibilityGlobals) = postSolution
		SolutionGuid = {F9E6C8C9-4400-4257-95AF-4705E7B18A3D}
	EndGlobalSection
EndGlobal
